
Microsoft Visual Studio Solution File, Format Version 12.00
# Visual Studio Version 17
VisualStudioVersion = 17.7.34031.279
MinimumVisualStudioVersion = 10.0.40219.1
Project("{FAE04EC0-301F-11D3-BF4B-00C04F79EFBC}") = "Ayuntamiento", "Ayuntamiento.csproj", "{C4A17ADE-AA2A-40B7-959B-D5DB257B9EB9}"
EndProject
Global
	GlobalSection(SolutionConfigurationPlatforms) = preSolution
		Debug|Any CPU = Debug|Any CPU
		Release|Any CPU = Release|Any CPU
	EndGlobalSection
	GlobalSection(ProjectConfigurationPlatforms) = postSolution
		{C4A17ADE-AA2A-40B7-959B-D5DB257B9EB9}.Debug|Any CPU.ActiveCfg = Debug|Any CPU
		{C4A17ADE-AA2A-40B7-959B-D5DB257B9EB9}.Debug|Any CPU.Build.0 = Debug|Any CPU
		{C4A17ADE-AA2A-40B7-959B-D5DB257B9EB9}.Release|Any CPU.ActiveCfg = Release|Any CPU
		{C4A17ADE-AA2A-40B7-959B-D5DB257B9EB9}.Release|Any CPU.Build.0 = Release|Any CPU
	EndGlobalSection
	GlobalSection(SolutionProperties) = preSolution
		HideSolutionNode = FALSE
	EndGlobalSection
	GlobalSection(ExtensibilityGlobals) = postSolution
		SolutionGuid = {CA00ED40-1B40-4FB6-B03F-D29B6CC0C35A}
	EndGlobalSection
EndGlobal
